[[package]]
name = "aiohttp"
version = "3.8.3"
description = "Async http client/server framework (asyncio)"
category = "main"
optional = false
python-versions = ">=3.6"

[package.dependencies]
aiosignal = ">=1.1.2"
async-timeout = ">=4.0.0a3,<5.0"
asynctest = {version = "0.13.0", markers = "python_version < \"3.8\""}
attrs = ">=17.3.0"
charset-normalizer = ">=2.0,<3.0"
frozenlist = ">=1.1.1"
multidict = ">=4.5,<7.0"
typing-extensions = {version = ">=3.7.4", markers = "python_version < \"3.8\""}
yarl = ">=1.0,<2.0"

[package.extras]
speedups = ["aiodns", "brotli", "cchardet"]

[[package]]
name = "aiosignal"
version = "1.2.0"
description = "aiosignal: a list of registered asynchronous callbacks"
category = "main"
optional = false
python-versions = ">=3.6"

[package.dependencies]
frozenlist = ">=1.1.0"

[[package]]
name = "async-timeout"
version = "4.0.2"
description = "Timeout context manager for asyncio programs"
category = "main"
optional = false
python-versions = ">=3.6"

[package.dependencies]
typing-extensions = {version = ">=3.6.5", markers = "python_version < \"3.8\""}

[[package]]
name = "asynctest"
version = "0.13.0"
description = "Enhance the standard unittest package with features for testing asyncio libraries"
category = "main"
optional = false
python-versions = ">=3.5"

[[package]]
name = "attrs"
version = "22.1.0"
description = "Classes Without Boilerplate"
category = "main"
optional = false
python-versions = ">=3.5"

[package.extras]
dev = ["coverage[toml] (>=5.0.2)", "hypothesis", "pympler", "pytest (>=4.3.0)", "mypy (>=0.900,!=0.940)", "pytest-mypy-plugins", "zope.interface", "furo", "sphinx", "sphinx-notfound-page", "pre-commit", "cloudpickle"]
docs = ["furo", "sphinx", "zope.interface", "sphinx-notfound-page"]
tests = ["coverage[toml] (>=5.0.2)", "hypothesis", "pympler", "pytest (>=4.3.0)", "mypy (>=0.900,!=0.940)", "pytest-mypy-plugins", "zope.interface", "cloudpickle"]
tests_no_zope = ["coverage[toml] (>=5.0.2)", "hypothesis", "pympler", "pytest (>=4.3.0)", "mypy (>=0.900,!=0.940)", "pytest-mypy-plugins", "cloudpickle"]

[[package]]
name = "charset-normalizer"
version = "2.1.1"
description = "The Real First Universal Charset Detector. Open, modern and actively maintained alternative to Chardet."
category = "main"
optional = false
python-versions = ">=3.6.0"

[package.extras]
unicode_backport = ["unicodedata2"]

[[package]]
name = "frozenlist"
version = "1.3.1"
description = "A list-like structure which implements collections.abc.MutableSequence"
category = "main"
optional = false
python-versions = ">=3.7"

[[package]]
name = "idna"
version = "3.4"
description = "Internationalized Domain Names in Applications (IDNA)"
category = "main"
optional = false
python-versions = ">=3.5"

[[package]]
name = "multidict"
version = "6.0.2"
description = "multidict implementation"
category = "main"
optional = false
python-versions = ">=3.7"

[[package]]
name = "typing-extensions"
version = "4.4.0"
description = "Backported and Experimental Type Hints for Python 3.7+"
category = "main"
optional = false
python-versions = ">=3.7"

[[package]]
name = "ujson"
version = "5.5.0"
description = "Ultra fast JSON encoder and decoder for Python"
category = "main"
optional = false
python-versions = ">=3.7"

[[package]]
name = "yarl"
version = "1.8.1"
description = "Yet another URL library"
category = "main"
optional = false
python-versions = ">=3.7"

[package.dependencies]
idna = ">=2.0"
multidict = ">=4.0"
typing-extensions = {version = ">=3.7.4", markers = "python_version < \"3.8\""}

[metadata]
lock-version = "1.1"
python-versions = "^3.7"
content-hash = "8ac3c72a811db2a774ca2cd18393c3e844da71c2dd7a55af607b895e38a08898"

[metadata.files]
aiohttp = []
aiosignal = [
    {file = "aiosignal-1.2.0-py3-none-any.whl", hash = "sha256:26e62109036cd181df6e6ad646f91f0dcfd05fe16d0cb924138ff2ab75d64e3a"},
    {file = "aiosignal-1.2.0.tar.gz", hash = "sha256:78ed67db6c7b7ced4f98e495e572106d5c432a93e1ddd1bf475e1dc05f5b7df2"},
]
async-timeout = [
    {file = "async-timeout-4.0.2.tar.gz", hash = "sha256:2163e1640ddb52b7a8c80d0a67a08587e5d245cc9c553a74a847056bc2976b15"},
    {file = "async_timeout-4.0.2-py3-none-any.whl", hash = "sha256:8ca1e4fcf50d07413d66d1a5e416e42cfdf5851c981d679a09851a6853383b3c"},
]
asynctest = []
attrs = []
charset-normalizer = []
frozenlist = []
idna = []
multidict = [
    {file = "multidict-6.0.2-cp310-cp310-macosx_10_9_universal2.whl", hash = "sha256:0b9e95a740109c6047602f4db4da9949e6c5945cefbad34a1299775ddc9a62e2"},
    {file = "multidict-6.0.2-cp310-cp310-macosx_10_9_x86_64.whl", hash = "sha256:ac0e27844758d7177989ce406acc6a83c16ed4524ebc363c1f748cba184d89d3"},
    {file = "multidict-6.0.2-cp310-cp310-macosx_11_0_arm64.whl", hash = "sha256:041b81a5f6b38244b34dc18c7b6aba91f9cdaf854d9a39e5ff0b58e2b5773b9c"},
    {file = "multidict-6.0.2-cp310-cp310-manylinux_2_17_aarch64.manylinux2014_aarch64.whl", hash = "sha256:5fdda29a3c7e76a064f2477c9aab1ba96fd94e02e386f1e665bca1807fc5386f"},
    {file = "multidict-6.0.2-cp310-cp310-manylinux_2_17_ppc64le.manylinux2014_ppc64le.whl", hash = "sha256:3368bf2398b0e0fcbf46d85795adc4c259299fec50c1416d0f77c0a843a3eed9"},
    {file = "multidict-6.0.2-cp310-cp310-manylinux_2_17_s390x.manylinux2014_s390x.whl", hash = "sha256:f4f052ee022928d34fe1f4d2bc743f32609fb79ed9c49a1710a5ad6b2198db20"},
    {file = "multidict-6.0.2-cp310-cp310-manylinux_2_17_x86_64.manylinux2014_x86_64.whl", hash = "sha256:225383a6603c086e6cef0f2f05564acb4f4d5f019a4e3e983f572b8530f70c88"},
    {file = "multidict-6.0.2-cp310-cp310-manylinux_2_5_i686.manylinux1_i686.manylinux_2_17_i686.manylinux2014_i686.whl", hash = "sha256:50bd442726e288e884f7be9071016c15a8742eb689a593a0cac49ea093eef0a7"},
    {file = "multidict-6.0.2-cp310-cp310-musllinux_1_1_aarch64.whl", hash = "sha256:47e6a7e923e9cada7c139531feac59448f1f47727a79076c0b1ee80274cd8eee"},
    {file = "multidict-6.0.2-cp310-cp310-musllinux_1_1_i686.whl", hash = "sha256:0556a1d4ea2d949efe5fd76a09b4a82e3a4a30700553a6725535098d8d9fb672"},
    {file = "multidict-6.0.2-cp310-cp310-musllinux_1_1_ppc64le.whl", hash = "sha256:626fe10ac87851f4cffecee161fc6f8f9853f0f6f1035b59337a51d29ff3b4f9"},
    {file = "multidict-6.0.2-cp310-cp310-musllinux_1_1_s390x.whl", hash = "sha256:8064b7c6f0af936a741ea1efd18690bacfbae4078c0c385d7c3f611d11f0cf87"},
    {file = "multidict-6.0.2-cp310-cp310-musllinux_1_1_x86_64.whl", hash = "sha256:2d36e929d7f6a16d4eb11b250719c39560dd70545356365b494249e2186bc389"},
    {file = "multidict-6.0.2-cp310-cp310-win32.whl", hash = "sha256:fcb91630817aa8b9bc4a74023e4198480587269c272c58b3279875ed7235c293"},
    {file = "multidict-6.0.2-cp310-cp310-win_amd64.whl", hash = "sha256:8cbf0132f3de7cc6c6ce00147cc78e6439ea736cee6bca4f068bcf892b0fd658"},
    {file = "multidict-6.0.2-cp37-cp37m-macosx_10_9_x86_64.whl", hash = "sha256:05f6949d6169878a03e607a21e3b862eaf8e356590e8bdae4227eedadacf6e51"},
    {file = "multidict-6.0.2-cp37-cp37m-manylinux_2_17_aarch64.manylinux2014_aarch64.whl", hash = "sha256:e2c2e459f7050aeb7c1b1276763364884595d47000c1cddb51764c0d8976e608"},
    {file = "multidict-6.0.2-cp37-cp37m-manylinux_2_17_ppc64le.manylinux2014_ppc64le.whl", hash = "sha256:d0509e469d48940147e1235d994cd849a8f8195e0bca65f8f5439c56e17872a3"},
    {file = "multidict-6.0.2-cp37-cp37m-manylinux_2_17_s390x.manylinux2014_s390x.whl", hash = "sha256:514fe2b8d750d6cdb4712346a2c5084a80220821a3e91f3f71eec11cf8d28fd4"},
    {file = "multidict-6.0.2-cp37-cp37m-manylinux_2_17_x86_64.manylinux2014_x86_64.whl", hash = "sha256:19adcfc2a7197cdc3987044e3f415168fc5dc1f720c932eb1ef4f71a2067e08b"},
    {file = "multidict-6.0.2-cp37-cp37m-manylinux_2_5_i686.manylinux1_i686.manylinux_2_17_i686.manylinux2014_i686.whl", hash = "sha256:b9d153e7f1f9ba0b23ad1568b3b9e17301e23b042c23870f9ee0522dc5cc79e8"},
    {file = "multidict-6.0.2-cp37-cp37m-musllinux_1_1_aarch64.whl", hash = "sha256:aef9cc3d9c7d63d924adac329c33835e0243b5052a6dfcbf7732a921c6e918ba"},
    {file = "multidict-6.0.2-cp37-cp37m-musllinux_1_1_i686.whl", hash = "sha256:4571f1beddff25f3e925eea34268422622963cd8dc395bb8778eb28418248e43"},
    {file = "multidict-6.0.2-cp37-cp37m-musllinux_1_1_ppc64le.whl", hash = "sha256:d48b8ee1d4068561ce8033d2c344cf5232cb29ee1a0206a7b828c79cbc5982b8"},
    {file = "multidict-6.0.2-cp37-cp37m-musllinux_1_1_s390x.whl", hash = "sha256:45183c96ddf61bf96d2684d9fbaf6f3564d86b34cb125761f9a0ef9e36c1d55b"},
    {file = "multidict-6.0.2-cp37-cp37m-musllinux_1_1_x86_64.whl", hash = "sha256:75bdf08716edde767b09e76829db8c1e5ca9d8bb0a8d4bd94ae1eafe3dac5e15"},
    {file = "multidict-6.0.2-cp37-cp37m-win32.whl", hash = "sha256:a45e1135cb07086833ce969555df39149680e5471c04dfd6a915abd2fc3f6dbc"},
    {file = "multidict-6.0.2-cp37-cp37m-win_amd64.whl", hash = "sha256:6f3cdef8a247d1eafa649085812f8a310e728bdf3900ff6c434eafb2d443b23a"},
    {file = "multidict-6.0.2-cp38-cp38-macosx_10_9_universal2.whl", hash = "sha256:0327292e745a880459ef71be14e709aaea2f783f3537588fb4ed09b6c01bca60"},
    {file = "multidict-6.0.2-cp38-cp38-macosx_10_9_x86_64.whl", hash = "sha256:e875b6086e325bab7e680e4316d667fc0e5e174bb5611eb16b3ea121c8951b86"},
    {file = "multidict-6.0.2-cp38-cp38-macosx_11_0_arm64.whl", hash = "sha256:feea820722e69451743a3d56ad74948b68bf456984d63c1a92e8347b7b88452d"},
    {file = "multidict-6.0.2-cp38-cp38-manylinux_2_17_aarch64.manylinux2014_aarch64.whl", hash = "sha256:9cc57c68cb9139c7cd6fc39f211b02198e69fb90ce4bc4a094cf5fe0d20fd8b0"},
    {file = "multidict-6.0.2-cp38-cp38-manylinux_2_17_ppc64le.manylinux2014_ppc64le.whl", hash = "sha256:497988d6b6ec6ed6f87030ec03280b696ca47dbf0648045e4e1d28b80346560d"},
    {file = "multidict-6.0.2-cp38-cp38-manylinux_2_17_s390x.manylinux2014_s390x.whl", hash = "sha256:89171b2c769e03a953d5969b2f272efa931426355b6c0cb508022976a17fd376"},
    {file = "multidict-6.0.2-cp38-cp38-manylinux_2_17_x86_64.manylinux2014_x86_64.whl", hash = "sha256:684133b1e1fe91eda8fa7447f137c9490a064c6b7f392aa857bba83a28cfb693"},
    {file = "multidict-6.0.2-cp38-cp38-manylinux_2_5_i686.manylinux1_i686.manylinux_2_17_i686.manylinux2014_i686.whl", hash = "sha256:fd9fc9c4849a07f3635ccffa895d57abce554b467d611a5009ba4f39b78a8849"},
    {file = "multidict-6.0.2-cp38-cp38-musllinux_1_1_aarch64.whl", hash = "sha256:e07c8e79d6e6fd37b42f3250dba122053fddb319e84b55dd3a8d6446e1a7ee49"},
    {file = "multidict-6.0.2-cp38-cp38-musllinux_1_1_i686.whl", hash = "sha256:4070613ea2227da2bfb2c35a6041e4371b0af6b0be57f424fe2318b42a748516"},
    {file = "multidict-6.0.2-cp38-cp38-musllinux_1_1_ppc64le.whl", hash = "sha256:47fbeedbf94bed6547d3aa632075d804867a352d86688c04e606971595460227"},
    {file = "multidict-6.0.2-cp38-cp38-musllinux_1_1_s390x.whl", hash = "sha256:5774d9218d77befa7b70d836004a768fb9aa4fdb53c97498f4d8d3f67bb9cfa9"},
    {file = "multidict-6.0.2-cp38-cp38-musllinux_1_1_x86_64.whl", hash = "sha256:2957489cba47c2539a8eb7ab32ff49101439ccf78eab724c828c1a54ff3ff98d"},
    {file = "multidict-6.0.2-cp38-cp38-win32.whl", hash = "sha256:e5b20e9599ba74391ca0cfbd7b328fcc20976823ba19bc573983a25b32e92b57"},
    {file = "multidict-6.0.2-cp38-cp38-win_amd64.whl", hash = "sha256:8004dca28e15b86d1b1372515f32eb6f814bdf6f00952699bdeb541691091f96"},
    {file = "multidict-6.0.2-cp39-cp39-macosx_10_9_universal2.whl", hash = "sha256:2e4a0785b84fb59e43c18a015ffc575ba93f7d1dbd272b4cdad9f5134b8a006c"},
    {file = "multidict-6.0.2-cp39-cp39-macosx_10_9_x86_64.whl", hash = "sha256:6701bf8a5d03a43375909ac91b6980aea74b0f5402fbe9428fc3f6edf5d9677e"},
    {file = "multidict-6.0.2-cp39-cp39-macosx_11_0_arm64.whl", hash = "sha256:a007b1638e148c3cfb6bf0bdc4f82776cef0ac487191d093cdc316905e504071"},
    {file = "multidict-6.0.2-cp39-cp39-manylinux_2_17_aarch64.manylinux2014_aarch64.whl", hash = "sha256:07a017cfa00c9890011628eab2503bee5872f27144936a52eaab449be5eaf032"},
    {file = "multidict-6.0.2-cp39-cp39-manylinux_2_17_ppc64le.manylinux2014_ppc64le.whl", hash = "sha256:c207fff63adcdf5a485969131dc70e4b194327666b7e8a87a97fbc4fd80a53b2"},
    {file = "multidict-6.0.2-cp39-cp39-manylinux_2_17_s390x.manylinux2014_s390x.whl", hash = "sha256:373ba9d1d061c76462d74e7de1c0c8e267e9791ee8cfefcf6b0b2495762c370c"},
    {file = "multidict-6.0.2-cp39-cp39-manylinux_2_17_x86_64.manylinux2014_x86_64.whl", hash = "sha256:bfba7c6d5d7c9099ba21f84662b037a0ffd4a5e6b26ac07d19e423e6fdf965a9"},
    {file = "multidict-6.0.2-cp39-cp39-manylinux_2_5_i686.manylinux1_i686.manylinux_2_17_i686.manylinux2014_i686.whl", hash = "sha256:19d9bad105dfb34eb539c97b132057a4e709919ec4dd883ece5838bcbf262b80"},
    {file = "multidict-6.0.2-cp39-cp39-musllinux_1_1_aarch64.whl", hash = "sha256:de989b195c3d636ba000ee4281cd03bb1234635b124bf4cd89eeee9ca8fcb09d"},
    {file = "multidict-6.0.2-cp39-cp39-musllinux_1_1_i686.whl", hash = "sha256:7c40b7bbece294ae3a87c1bc2abff0ff9beef41d14188cda94ada7bcea99b0fb"},
    {file = "multidict-6.0.2-cp39-cp39-musllinux_1_1_ppc64le.whl", hash = "sha256:d16cce709ebfadc91278a1c005e3c17dd5f71f5098bfae1035149785ea6e9c68"},
    {file = "multidict-6.0.2-cp39-cp39-musllinux_1_1_s390x.whl", hash = "sha256:a2c34a93e1d2aa35fbf1485e5010337c72c6791407d03aa5f4eed920343dd360"},
    {file = "multidict-6.0.2-cp39-cp39-musllinux_1_1_x86_64.whl", hash = "sha256:feba80698173761cddd814fa22e88b0661e98cb810f9f986c54aa34d281e4937"},
    {file = "multidict-6.0.2-cp39-cp39-win32.whl", hash = "sha256:23b616fdc3c74c9fe01d76ce0d1ce872d2d396d8fa8e4899398ad64fb5aa214a"},
    {file = "multidict-6.0.2-cp39-cp39-win_amd64.whl", hash = "sha256:4bae31803d708f6f15fd98be6a6ac0b6958fcf68fda3c77a048a4f9073704aae"},
    {file = "multidict-6.0.2.tar.gz", hash = "sha256:5ff3bd75f38e4c43f1f470f2df7a4d430b821c4ce22be384e1459cb57d6bb013"},
]
typing-extensions = []
ujson = []
yarl = []
