[[package]]
name = "aiohttp"
version = "3.8.1"
description = "Async http client/server framework (asyncio)"
category = "main"
optional = false
python-versions = ">=3.6"

[package.dependencies]
aiosignal = ">=1.1.2"
async-timeout = ">=4.0.0a3,<5.0"
asynctest = {version = "0.13.0", markers = "python_version < \"3.8\""}
attrs = ">=17.3.0"
charset-normalizer = ">=2.0,<3.0"
frozenlist = ">=1.1.1"
multidict = ">=4.5,<7.0"
typing-extensions = {version = ">=3.7.4", markers = "python_version < \"3.8\""}
yarl = ">=1.0,<2.0"

[package.extras]
speedups = ["aiodns", "brotli", "cchardet"]

[[package]]
name = "aiosignal"
version = "1.2.0"
description = "aiosignal: a list of registered asynchronous callbacks"
category = "main"
optional = false
python-versions = ">=3.6"

[package.dependencies]
frozenlist = ">=1.1.0"

[[package]]
name = "async-timeout"
version = "4.0.2"
description = "Timeout context manager for asyncio programs"
category = "main"
optional = false
python-versions = ">=3.6"

[package.dependencies]
typing-extensions = {version = ">=3.6.5", markers = "python_version < \"3.8\""}

[[package]]
name = "asynctest"
version = "0.13.0"
description = "Enhance the standard unittest package with features for testing asyncio libraries"
category = "main"
optional = false
python-versions = ">=3.5"

[[package]]
name = "attrs"
version = "22.1.0"
description = "Classes Without Boilerplate"
category = "main"
optional = false
python-versions = ">=3.5"

[package.extras]
dev = ["coverage[toml] (>=5.0.2)", "hypothesis", "pympler", "pytest (>=4.3.0)", "mypy (>=0.900,!=0.940)", "pytest-mypy-plugins", "zope.interface", "furo", "sphinx", "sphinx-notfound-page", "pre-commit", "cloudpickle"]
docs = ["furo", "sphinx", "zope.interface", "sphinx-notfound-page"]
tests = ["coverage[toml] (>=5.0.2)", "hypothesis", "pympler", "pytest (>=4.3.0)", "mypy (>=0.900,!=0.940)", "pytest-mypy-plugins", "zope.interface", "cloudpickle"]
tests_no_zope = ["coverage[toml] (>=5.0.2)", "hypothesis", "pympler", "pytest (>=4.3.0)", "mypy (>=0.900,!=0.940)", "pytest-mypy-plugins", "cloudpickle"]

[[package]]
name = "charset-normalizer"
version = "2.1.1"
description = "The Real First Universal Charset Detector. Open, modern and actively maintained alternative to Chardet."
category = "main"
optional = false
python-versions = ">=3.6.0"

[package.extras]
unicode_backport = ["unicodedata2"]

[[package]]
name = "frozenlist"
version = "1.3.1"
description = "A list-like structure which implements collections.abc.MutableSequence"
category = "main"
optional = false
python-versions = ">=3.7"

[[package]]
name = "idna"
version = "3.3"
description = "Internationalized Domain Names in Applications (IDNA)"
category = "main"
optional = false
python-versions = ">=3.5"

[[package]]
name = "multidict"
version = "6.0.2"
description = "multidict implementation"
category = "main"
optional = false
python-versions = ">=3.7"

[[package]]
name = "typing-extensions"
version = "4.3.0"
description = "Backported and Experimental Type Hints for Python 3.7+"
category = "main"
optional = false
python-versions = ">=3.7"

[[package]]
name = "ujson"
version = "5.4.0"
description = "Ultra fast JSON encoder and decoder for Python"
category = "main"
optional = false
python-versions = ">=3.7"

[[package]]
name = "yarl"
version = "1.8.1"
description = "Yet another URL library"
category = "main"
optional = false
python-versions = ">=3.7"

[package.dependencies]
idna = ">=2.0"
multidict = ">=4.0"
typing-extensions = {version = ">=3.7.4", markers = "python_version < \"3.8\""}

[metadata]
lock-version = "1.1"
python-versions = "^3.7"
content-hash = "6997ec0be80fd1e802eb4f6736255d26b657b9ec5cea79462677d86df94d5219"

[metadata.files]
aiohttp = []
aiosignal = []
async-timeout = []
asynctest = []
attrs = []
charset-normalizer = []
frozenlist = []
idna = []
multidict = []
typing-extensions = []
ujson = []
yarl = []
